
Microsoft Visual Studio Solution File, Format Version 12.00
# Visual Studio Version 17
VisualStudioVersion = 17.14.36603.0 d17.14
MinimumVisualStudioVersion = 10.0.40219.1
Project("{FAE04EC0-301F-11D3-BF4B-00C04F79EFBC}") = "PragueParking V2", "PragueParking V2\PragueParking V2.csproj", "{ECC1805E-309C-4137-8799-270688961116}"
EndProject
Global
	GlobalSection(SolutionConfigurationPlatforms) = preSolution
		Debug|Any CPU = Debug|Any CPU
		Release|Any CPU = Release|Any CPU
	EndGlobalSection
	GlobalSection(ProjectConfigurationPlatforms) = postSolution
		{ECC1805E-309C-4137-8799-270688961116}.Debug|Any CPU.ActiveCfg = Debug|Any CPU
		{ECC1805E-309C-4137-8799-270688961116}.Debug|Any CPU.Build.0 = Debug|Any CPU
		{ECC1805E-309C-4137-8799-270688961116}.Release|Any CPU.ActiveCfg = Release|Any CPU
		{ECC1805E-309C-4137-8799-270688961116}.Release|Any CPU.Build.0 = Release|Any CPU
	EndGlobalSection
	GlobalSection(SolutionProperties) = preSolution
		HideSolutionNode = FALSE
	EndGlobalSection
	GlobalSection(ExtensibilityGlobals) = postSolution
		SolutionGuid = {4D04A6D2-C263-425A-B6A4-ACEA12CD9EC0}
	EndGlobalSection
EndGlobal
